
Microsoft Visual Studio Solution File, Format Version 12.00
# Visual Studio Version 16
VisualStudioVersion = 16.0.30517.126
MinimumVisualStudioVersion = 10.0.40219.1
Project("{FAE04EC0-301F-11D3-BF4B-00C04F79EFBC}") = "WebApplication1", "WebApplication1.csproj", "{161B373E-B3E0-47D2-BC43-4481473F0B72}"
EndProject
Global
	GlobalSection(SolutionConfigurationPlatforms) = preSolution
		Debug|Any CPU = Debug|Any CPU
		Release|Any CPU = Release|Any CPU
	EndGlobalSection
	GlobalSection(ProjectConfigurationPlatforms) = postSolution
		{161B373E-B3E0-47D2-BC43-4481473F0B72}.Debug|Any CPU.ActiveCfg = Debug|Any CPU
		{161B373E-B3E0-47D2-BC43-4481473F0B72}.Debug|Any CPU.Build.0 = Debug|Any CPU
		{161B373E-B3E0-47D2-BC43-4481473F0B72}.Release|Any CPU.ActiveCfg = Release|Any CPU
		{161B373E-B3E0-47D2-BC43-4481473F0B72}.Release|Any CPU.Build.0 = Release|Any CPU
	EndGlobalSection
	GlobalSection(SolutionProperties) = preSolution
		HideSolutionNode = FALSE
	EndGlobalSection
	GlobalSection(ExtensibilityGlobals) = postSolution
		SolutionGuid = {AB46501C-D2E5-4137-B955-91F87CCFC84C}
	EndGlobalSection
EndGlobal
